# This file is automatically @generated by Cargo.
# It is not intended for manual editing.
version = 3

[[package]]
name = "luau-bytecode"
version = "0.1.0"

[[package]]
name = "luau-decompile"
version = "0.1.0"
dependencies = [
 "luau-bytecode",
 "luau-disasm",
 "luau-ir",
]

[[package]]
name = "luau-disasm"
version = "0.1.0"
dependencies = [
 "luau-bytecode",
]

[[package]]
name = "luau-ir"
version = "0.1.0"
dependencies = [
 "luau-bytecode",
 "luau-disasm",
]

[[package]]
name = "luau-server"
version = "0.1.0"
dependencies = [
 "luau-bytecode",
 "luau-decompile",
 "luau-disasm",
]

[[package]]
name = "xtask"
version = "0.1.0"
dependencies = [
 "luau-bytecode",
 "luau-decompile",
 "luau-disasm",
 "luau-ir",
]
